{
  "requires": true,
  "lockfileVersion": 1,
  "dependencies": {
    "@maxmind/geoip2-node": {
      "version": "3.1.0",
      "resolved": "https://registry.npmjs.org/@maxmind/geoip2-node/-/geoip2-node-3.1.0.tgz",
      "integrity": "sha512-BfW+r+qOuC1YnNuZl9oAPxzRpP0aQC/6HMTXPbqNOL8xyqmpxu8e+m9dpF+U7L0U3NqS5u4ZtUUGfohh3Nl3ig==",
      "requires": {
        "camelcase-keys": "^7.0.0",
        "ip6addr": "^0.2.3",
        "lodash.set": "^4.3.2",
        "maxmind": "^4.2.0"
      }
    },
    "assert-plus": {
      "version": "1.0.0",
      "resolved": "https://registry.npmjs.org/assert-plus/-/assert-plus-1.0.0.tgz",
      "integrity": "sha1-8S4PPF13sLHN2RRpQuTpbB5N1SU="
    },
    "camelcase": {
      "version": "6.2.0",
      "resolved": "https://registry.npmjs.org/camelcase/-/camelcase-6.2.0.tgz",
      "integrity": "sha512-c7wVvbw3f37nuobQNtgsgG9POC9qMbNuMQmTCqZv23b6MIz0fcYpBiOlv9gEN/hdLdnZTDQhg6e9Dq5M1vKvfg=="
    },
    "camelcase-keys": {
      "version": "7.0.0",
      "resolved": "https://registry.npmjs.org/camelcase-keys/-/camelcase-keys-7.0.0.tgz",
      "integrity": "sha512-qlQlECgDl5Ev+gkvONaiD4X4TF2gyZKuLBvzx0zLo2UwAxmz3hJP/841aaMHTeH1T7v5HRwoRq91daulXoYWvg==",
      "requires": {
        "camelcase": "^6.2.0",
        "map-obj": "^4.1.0",
        "quick-lru": "^5.1.1",
        "type-fest": "^1.2.1"
      }
    },
    "core-util-is": {
      "version": "1.0.2",
      "resolved": "https://registry.npmjs.org/core-util-is/-/core-util-is-1.0.2.tgz",
      "integrity": "sha1-tf1UIgqivFq1eqtxQMlAdUUDwac="
    },
    "extsprintf": {
      "version": "1.3.0",
      "resolved": "https://registry.npmjs.org/extsprintf/-/extsprintf-1.3.0.tgz",
      "integrity": "sha1-lpGEQOMEGnpBT4xS48V06zw+HgU="
    },
    "ip6addr": {
      "version": "0.2.3",
      "resolved": "https://registry.npmjs.org/ip6addr/-/ip6addr-0.2.3.tgz",
      "integrity": "sha512-qA9DXRAUW+lT47/i/4+Q3GHPwZjGt/atby1FH/THN6GVATA6+Pjp2nztH7k6iKeil7hzYnBwfSsxjthlJ8lJKw==",
      "requires": {
        "assert-plus": "^1.0.0",
        "jsprim": "^1.4.0"
      }
    },
    "json-schema": {
      "version": "0.2.3",
      "resolved": "https://registry.npmjs.org/json-schema/-/json-schema-0.2.3.tgz",
      "integrity": "sha1-tIDIkuWaLwWVTOcnvT8qTogvnhM="
    },
    "jsprim": {
      "version": "1.4.1",
      "resolved": "https://registry.npmjs.org/jsprim/-/jsprim-1.4.1.tgz",
      "integrity": "sha1-MT5mvB5cwG5Di8G3SZwuXFastqI=",
      "requires": {
        "assert-plus": "1.0.0",
        "extsprintf": "1.3.0",
        "json-schema": "0.2.3",
        "verror": "1.10.0"
      }
    },
    "lodash.set": {
      "version": "4.3.2",
      "resolved": "https://registry.npmjs.org/lodash.set/-/lodash.set-4.3.2.tgz",
      "integrity": "sha1-2HV7HagH3eJIFrDWqEvqGnYjCyM="
    },
    "map-obj": {
      "version": "4.2.1",
      "resolved": "https://registry.npmjs.org/map-obj/-/map-obj-4.2.1.tgz",
      "integrity": "sha512-+WA2/1sPmDj1dlvvJmB5G6JKfY9dpn7EVBUL06+y6PoljPkh+6V1QihwxNkbcGxCRjt2b0F9K0taiCuo7MbdFQ=="
    },
    "maxmind": {
      "version": "4.3.2",
      "resolved": "https://registry.npmjs.org/maxmind/-/maxmind-4.3.2.tgz",
      "integrity": "sha512-cZ4nsLeYbFWVbhkBU3VTPJ10SDCGAKQ8kGpuYh1AesN4NvMQGab+NIBqcReA4dxQqPjA/CM6e6mQGCusvUSp6Q==",
      "requires": {
        "mmdb-lib": "1.3.0",
        "tiny-lru": "7.0.6"
      }
    },
    "mmdb-lib": {
      "version": "1.3.0",
      "resolved": "https://registry.npmjs.org/mmdb-lib/-/mmdb-lib-1.3.0.tgz",
      "integrity": "sha512-KrRrAuC+X9ZkkPZNsqgHUGrop28vcmqISILyUXG0xOYt82ObU9d9XowVsjOVOr5CegyjrkmxEN5ut9r576vq2g=="
    },
    "quick-lru": {
      "version": "5.1.1",
      "resolved": "https://registry.npmjs.org/quick-lru/-/quick-lru-5.1.1.tgz",
      "integrity": "sha512-WuyALRjWPDGtt/wzJiadO5AXY+8hZ80hVpe6MyivgraREW751X3SbhRvG3eLKOYN+8VEvqLcf3wdnt44Z4S4SA=="
    },
    "tiny-lru": {
      "version": "7.0.6",
      "resolved": "https://registry.npmjs.org/tiny-lru/-/tiny-lru-7.0.6.tgz",
      "integrity": "sha512-zNYO0Kvgn5rXzWpL0y3RS09sMK67eGaQj9805jlK9G6pSadfriTczzLHFXa/xcW4mIRfmlB9HyQ/+SgL0V1uow=="
    },
    "type-fest": {
      "version": "1.2.2",
      "resolved": "https://registry.npmjs.org/type-fest/-/type-fest-1.2.2.tgz",
      "integrity": "sha512-pfkPYCcuV0TJoo/jlsUeWNV8rk7uMU6ocnYNvca1Vu+pyKi8Rl8Zo2scPt9O72gCsXIm+dMxOOWuA3VFDSdzWA=="
    },
    "verror": {
      "version": "1.10.0",
      "resolved": "https://registry.npmjs.org/verror/-/verror-1.10.0.tgz",
      "integrity": "sha1-OhBcoXBTr1XW4nDB+CiGguGNpAA=",
      "requires": {
        "assert-plus": "^1.0.0",
        "core-util-is": "1.0.2",
        "extsprintf": "^1.2.0"
      }
    }
  }
}
